// !$*UTF8*$!
{
	archiveVersion = 1;
	classes = {
	};
	objectVersion = 56;
	objects = {

/* Begin PBXBuildFile section */
		AD8E957C2B8A73AD0038CFE0 /* AppDelegate.swift in Sources */ = {isa = PBXBuildFile; fileRef = AD8E957B2B8A73AD0038CFE0 /* AppDelegate.swift */; };
		AD8E957E2B8A73AD0038CFE0 /* SceneDelegate.swift in Sources */ = {isa = PBXBuildFile; fileRef = AD8E957D2B8A73AD0038CFE0 /* SceneDelegate.swift */; };
		AD8E95802B8A73AD0038CFE0 /* ViewController.swift in Sources */ = {isa = PBXBuildFile; fileRef = AD8E957F2B8A73AD0038CFE0 /* ViewController.swift */; };
		AD8E95862B8A73AD0038CFE0 /* CollectionViewSelectedImage.xcdatamodeld in Sources */ = {isa = PBXBuildFile; fileRef = AD8E95842B8A73AD0038CFE0 /* CollectionViewSelectedImage.xcdatamodeld */; };
		AD8E95882B8A73AF0038CFE0 /* Assets.xcassets in Resources */ = {isa = PBXBuildFile; fileRef = AD8E95872B8A73AF0038CFE0 /* Assets.xcassets */; };
		AD8E958B2B8A73AF0038CFE0 /* LaunchScreen.storyboard in Resources */ = {isa = PBXBuildFile; fileRef = AD8E95892B8A73AF0038CFE0 /* LaunchScreen.storyboard */; };
		AD8E95962B8A77F80038CFE0 /* FirstView.swift in Sources */ = {isa = PBXBuildFile; fileRef = AD8E95952B8A77F80038CFE0 /* FirstView.swift */; };
		AD8E95982B8A781F0038CFE0 /* SecondView.swift in Sources */ = {isa = PBXBuildFile; fileRef = AD8E95972B8A781F0038CFE0 /* SecondView.swift */; };
		AD8E959A2B8A7BB40038CFE0 /* CustomCollectionViewCell.swift in Sources */ = {isa = PBXBuildFile; fileRef = AD8E95992B8A7BB40038CFE0 /* CustomCollectionViewCell.swift */; };
		AD8E95A02B8A827B0038CFE0 /* BSImagePicker in Frameworks */ = {isa = PBXBuildFile; productRef = AD8E959F2B8A827B0038CFE0 /* BSImagePicker */; };
/* End PBXBuildFile section */

/* Begin PBXFileReference section */
		AD8E95782B8A73AD0038CFE0 /* CollectionViewSelectedImage.app */ = {isa = PBXFileReference; explicitFileType = wrapper.application; includeInIndex = 0; path = CollectionViewSelectedImage.app; sourceTree = BUILT_PRODUCTS_DIR; };
		AD8E957B2B8A73AD0038CFE0 /* AppDelegate.swift */ = {isa = PBXFileReference; lastKnownFileType = sourcecode.swift; path = AppDelegate.swift; sourceTree = "<group>"; };
		AD8E957D2B8A73AD0038CFE0 /* SceneDelegate.swift */ = {isa = PBXFileReference; lastKnownFileType = sourcecode.swift; path = SceneDelegate.swift; sourceTree = "<group>"; };
		AD8E957F2B8A73AD0038CFE0 /* ViewController.swift */ = {isa = PBXFileReference; lastKnownFileType = sourcecode.swift; path = ViewController.swift; sourceTree = "<group>"; };
		AD8E95852B8A73AD0038CFE0 /* CollectionViewSelectedImage.xcdatamodel */ = {isa = PBXFileReference; lastKnownFileType = wrapper.xcdatamodel; path = CollectionViewSelectedImage.xcdatamodel; sourceTree = "<group>"; };
		AD8E95872B8A73AF0038CFE0 /* Assets.xcassets */ = {isa = PBXFileReference; lastKnownFileType = folder.assetcatalog; path = Assets.xcassets; sourceTree = "<group>"; };
		AD8E958A2B8A73AF0038CFE0 /* Base */ = {isa = PBXFileReference; lastKnownFileType = file.storyboard; name = Base; path = Base.lproj/LaunchScreen.storyboard; sourceTree = "<group>"; };
		AD8E958C2B8A73AF0038CFE0 /* Info.plist */ = {isa = PBXFileReference; lastKnownFileType = text.plist.xml; path = Info.plist; sourceTree = "<group>"; };
		AD8E95952B8A77F80038CFE0 /* FirstView.swift */ = {isa = PBXFileReference; lastKnownFileType = sourcecode.swift; path = FirstView.swift; sourceTree = "<group>"; };
		AD8E95972B8A781F0038CFE0 /* SecondView.swift */ = {isa = PBXFileReference; lastKnownFileType = sourcecode.swift; path = SecondView.swift; sourceTree = "<group>"; };
		AD8E95992B8A7BB40038CFE0 /* CustomCollectionViewCell.swift */ = {isa = PBXFileReference; lastKnownFileType = sourcecode.swift; path = CustomCollectionViewCell.swift; sourceTree = "<group>"; };
/* End PBXFileReference section */

/* Begin PBXFrameworksBuildPhase section */
		AD8E95752B8A73AD0038CFE0 /* Frameworks */ = {
			isa = PBXFrameworksBuildPhase;
			buildActionMask = 2147483647;
			files = (
				AD8E95A02B8A827B0038CFE0 /* BSImagePicker in Frameworks */,
			);
			runOnlyForDeploymentPostprocessing = 0;
		};
/* End PBXFrameworksBuildPhase section */

/* Begin PBXGroup section */
		AD8E956F2B8A73AD0038CFE0 = {
			isa = PBXGroup;
			children = (
				AD8E957A2B8A73AD0038CFE0 /* CollectionViewSelectedImage */,
				AD8E95792B8A73AD0038CFE0 /* Products */,
			);
			sourceTree = "<group>";
		};
		AD8E95792B8A73AD0038CFE0 /* Products */ = {
			isa = PBXGroup;
			children = (
				AD8E95782B8A73AD0038CFE0 /* CollectionViewSelectedImage.app */,
			);
			name = Products;
			sourceTree = "<group>";
		};
		AD8E957A2B8A73AD0038CFE0 /* CollectionViewSelectedImage */ = {
			isa = PBXGroup;
			children = (
				AD8E95942B8A77DD0038CFE0 /* Views */,
				AD8E95932B8A77D10038CFE0 /* Constrollers */,
				AD8E95922B8A73FA0038CFE0 /* Supporting */,
				AD8E958C2B8A73AF0038CFE0 /* Info.plist */,
				AD8E95842B8A73AD0038CFE0 /* CollectionViewSelectedImage.xcdatamodeld */,
			);
			path = CollectionViewSelectedImage;
			sourceTree = "<group>";
		};
		AD8E95922B8A73FA0038CFE0 /* Supporting */ = {
			isa = PBXGroup;
			children = (
				AD8E957B2B8A73AD0038CFE0 /* AppDelegate.swift */,
				AD8E957D2B8A73AD0038CFE0 /* SceneDelegate.swift */,
				AD8E95872B8A73AF0038CFE0 /* Assets.xcassets */,
				AD8E95892B8A73AF0038CFE0 /* LaunchScreen.storyboard */,
			);
			path = Supporting;
			sourceTree = "<group>";
		};
		AD8E95932B8A77D10038CFE0 /* Constrollers */ = {
			isa = PBXGroup;
			children = (
				AD8E957F2B8A73AD0038CFE0 /* ViewController.swift */,
			);
			path = Constrollers;
			sourceTree = "<group>";
		};
		AD8E95942B8A77DD0038CFE0 /* Views */ = {
			isa = PBXGroup;
			children = (
				AD8E95952B8A77F80038CFE0 /* FirstView.swift */,
				AD8E95972B8A781F0038CFE0 /* SecondView.swift */,
				AD8E95992B8A7BB40038CFE0 /* CustomCollectionViewCell.swift */,
			);
			path = Views;
			sourceTree = "<group>";
		};
/* End PBXGroup section */

/* Begin PBXNativeTarget section */
		AD8E95772B8A73AD0038CFE0 /* CollectionViewSelectedImage */ = {
			isa = PBXNativeTarget;
			buildConfigurationList = AD8E958F2B8A73AF0038CFE0 /* Build configuration list for PBXNativeTarget "CollectionViewSelectedImage" */;
			buildPhases = (
				AD8E95742B8A73AD0038CFE0 /* Sources */,
				AD8E95752B8A73AD0038CFE0 /* Frameworks */,
				AD8E95762B8A73AD0038CFE0 /* Resources */,
			);
			buildRules = (
			);
			dependencies = (
			);
			name = CollectionViewSelectedImage;
			packageProductDependencies = (
				AD8E959F2B8A827B0038CFE0 /* BSImagePicker */,
			);
			productName = CollectionViewSelectedImage;
			productReference = AD8E95782B8A73AD0038CFE0 /* CollectionViewSelectedImage.app */;
			productType = "com.apple.product-type.application";
		};
/* End PBXNativeTarget section */

/* Begin PBXProject section */
		AD8E95702B8A73AD0038CFE0 /* Project object */ = {
			isa = PBXProject;
			attributes = {
				BuildIndependentTargetsInParallel = 1;
				LastSwiftUpdateCheck = 1520;
				LastUpgradeCheck = 1520;
				TargetAttributes = {
					AD8E95772B8A73AD0038CFE0 = {
						CreatedOnToolsVersion = 15.2;
					};
				};
			};
			buildConfigurationList = AD8E95732B8A73AD0038CFE0 /* Build configuration list for PBXProject "CollectionViewSelectedImage" */;
			compatibilityVersion = "Xcode 14.0";
			developmentRegion = en;
			hasScannedForEncodings = 0;
			knownRegions = (
				en,
				Base,
			);
			mainGroup = AD8E956F2B8A73AD0038CFE0;
			packageReferences = (
				AD8E959E2B8A827B0038CFE0 /* XCRemoteSwiftPackageReference "BSImagePicker" */,
			);
			productRefGroup = AD8E95792B8A73AD0038CFE0 /* Products */;
			projectDirPath = "";
			projectRoot = "";
			targets = (
				AD8E95772B8A73AD0038CFE0 /* CollectionViewSelectedImage */,
			);
		};
/* End PBXProject section */

/* Begin PBXResourcesBuildPhase section */
		AD8E95762B8A73AD0038CFE0 /* Resources */ = {
			isa = PBXResourcesBuildPhase;
			buildActionMask = 2147483647;
			files = (
				AD8E958B2B8A73AF0038CFE0 /* LaunchScreen.storyboard in Resources */,
				AD8E95882B8A73AF0038CFE0 /* Assets.xcassets in Resources */,
			);
			runOnlyForDeploymentPostprocessing = 0;
		};
/* End PBXResourcesBuildPhase section */

/* Begin PBXSourcesBuildPhase section */
		AD8E95742B8A73AD0038CFE0 /* Sources */ = {
			isa = PBXSourcesBuildPhase;
			buildActionMask = 2147483647;
			files = (
				AD8E95982B8A781F0038CFE0 /* SecondView.swift in Sources */,
				AD8E959A2B8A7BB40038CFE0 /* CustomCollectionViewCell.swift in Sources */,
				AD8E95802B8A73AD0038CFE0 /* ViewController.swift in Sources */,
				AD8E95962B8A77F80038CFE0 /* FirstView.swift in Sources */,
				AD8E957C2B8A73AD0038CFE0 /* AppDelegate.swift in Sources */,
				AD8E957E2B8A73AD0038CFE0 /* SceneDelegate.swift in Sources */,
				AD8E95862B8A73AD0038CFE0 /* CollectionViewSelectedImage.xcdatamodeld in Sources */,
			);
			runOnlyForDeploymentPostprocessing = 0;
		};
/* End PBXSourcesBuildPhase section */

/* Begin PBXVariantGroup section */
		AD8E95892B8A73AF0038CFE0 /* LaunchScreen.storyboard */ = {
			isa = PBXVariantGroup;
			children = (
				AD8E958A2B8A73AF0038CFE0 /* Base */,
			);
			name = LaunchScreen.storyboard;
			sourceTree = "<group>";
		};
/* End PBXVariantGroup section */

/* Begin XCBuildConfiguration section */
		AD8E958D2B8A73AF0038CFE0 /* Debug */ = {
			isa = XCBuildConfiguration;
			buildSettings = {
				ALWAYS_SEARCH_USER_PATHS = NO;
				ASSETCATALOG_COMPILER_GENERATE_SWIFT_ASSET_SYMBOL_EXTENSIONS = YES;
				CLANG_ANALYZER_NONNULL = YES;
				CLANG_ANALYZER_NUMBER_OBJECT_CONVERSION = YES_AGGRESSIVE;
				CLANG_CXX_LANGUAGE_STANDARD = "gnu++20";
				CLANG_ENABLE_MODULES = YES;
				CLANG_ENABLE_OBJC_ARC = YES;
				CLANG_ENABLE_OBJC_WEAK = YES;
				CLANG_WARN_BLOCK_CAPTURE_AUTORELEASING = YES;
				CLANG_WARN_BOOL_CONVERSION = YES;
				CLANG_WARN_COMMA = YES;
				CLANG_WARN_CONSTANT_CONVERSION = YES;
				CLANG_WARN_DEPRECATED_OBJC_IMPLEMENTATIONS = YES;
				CLANG_WARN_DIRECT_OBJC_ISA_USAGE = YES_ERROR;
				CLANG_WARN_DOCUMENTATION_COMMENTS = YES;
				CLANG_WARN_EMPTY_BODY = YES;
				CLANG_WARN_ENUM_CONVERSION = YES;
				CLANG_WARN_INFINITE_RECURSION = YES;
				CLANG_WARN_INT_CONVERSION = YES;
				CLANG_WARN_NON_LITERAL_NULL_CONVERSION = YES;
				CLANG_WARN_OBJC_IMPLICIT_RETAIN_SELF = YES;
				CLANG_WARN_OBJC_LITERAL_CONVERSION = YES;
				CLANG_WARN_OBJC_ROOT_CLASS = YES_ERROR;
				CLANG_WARN_QUOTED_INCLUDE_IN_FRAMEWORK_HEADER = YES;
				CLANG_WARN_RANGE_LOOP_ANALYSIS = YES;
				CLANG_WARN_STRICT_PROTOTYPES = YES;
				CLANG_WARN_SUSPICIOUS_MOVE = YES;
				CLANG_WARN_UNGUARDED_AVAILABILITY = YES_AGGRESSIVE;
				CLANG_WARN_UNREACHABLE_CODE = YES;
				CLANG_WARN__DUPLICATE_METHOD_MATCH = YES;
				COPY_PHASE_STRIP = NO;
				DEBUG_INFORMATION_FORMAT = dwarf;
				ENABLE_STRICT_OBJC_MSGSEND = YES;
				ENABLE_TESTABILITY = YES;
				ENABLE_USER_SCRIPT_SANDBOXING = YES;
				GCC_C_LANGUAGE_STANDARD = gnu17;
				GCC_DYNAMIC_NO_PIC = NO;
				GCC_NO_COMMON_BLOCKS = YES;
				GCC_OPTIMIZATION_LEVEL = 0;
				GCC_PREPROCESSOR_DEFINITIONS = (
					"DEBUG=1",
					"$(inherited)",
				);
				GCC_WARN_64_TO_32_BIT_CONVERSION = YES;
				GCC_WARN_ABOUT_RETURN_TYPE = YES_ERROR;
				GCC_WARN_UNDECLARED_SELECTOR = YES;
				GCC_WARN_UNINITIALIZED_AUTOS = YES_AGGRESSIVE;
				GCC_WARN_UNUSED_FUNCTION = YES;
				GCC_WARN_UNUSED_VARIABLE = YES;
				IPHONEOS_DEPLOYMENT_TARGET = 17.2;
				LOCALIZATION_PREFERS_STRING_CATALOGS = YES;
				MTL_ENABLE_DEBUG_INFO = INCLUDE_SOURCE;
				MTL_FAST_MATH = YES;
				ONLY_ACTIVE_ARCH = YES;
				SDKROOT = iphoneos;
				SWIFT_ACTIVE_COMPILATION_CONDITIONS = "DEBUG $(inherited)";
				SWIFT_OPTIMIZATION_LEVEL = "-Onone";
			};
			name = Debug;
		};
		AD8E958E2B8A73AF0038CFE0 /* Release */ = {
			isa = XCBuildConfiguration;
			buildSettings = {
				ALWAYS_SEARCH_USER_PATHS = NO;
				ASSETCATALOG_COMPILER_GENERATE_SWIFT_ASSET_SYMBOL_EXTENSIONS = YES;
				CLANG_ANALYZER_NONNULL = YES;
				CLANG_ANALYZER_NUMBER_OBJECT_CONVERSION = YES_AGGRESSIVE;
				CLANG_CXX_LANGUAGE_STANDARD = "gnu++20";
				CLANG_ENABLE_MODULES = YES;
				CLANG_ENABLE_OBJC_ARC = YES;
				CLANG_ENABLE_OBJC_WEAK = YES;
				CLANG_WARN_BLOCK_CAPTURE_AUTORELEASING = YES;
				CLANG_WARN_BOOL_CONVERSION = YES;
				CLANG_WARN_COMMA = YES;
				CLANG_WARN_CONSTANT_CONVERSION = YES;
				CLANG_WARN_DEPRECATED_OBJC_IMPLEMENTATIONS = YES;
				CLANG_WARN_DIRECT_OBJC_ISA_USAGE = YES_ERROR;
				CLANG_WARN_DOCUMENTATION_COMMENTS = YES;
				CLANG_WARN_EMPTY_BODY = YES;
				CLANG_WARN_ENUM_CONVERSION = YES;
				CLANG_WARN_INFINITE_RECURSION = YES;
				CLANG_WARN_INT_CONVERSION = YES;
				CLANG_WARN_NON_LITERAL_NULL_CONVERSION = YES;
				CLANG_WARN_OBJC_IMPLICIT_RETAIN_SELF = YES;
				CLANG_WARN_OBJC_LITERAL_CONVERSION = YES;
				CLANG_WARN_OBJC_ROOT_CLASS = YES_ERROR;
				CLANG_WARN_QUOTED_INCLUDE_IN_FRAMEWORK_HEADER = YES;
				CLANG_WARN_RANGE_LOOP_ANALYSIS = YES;
				CLANG_WARN_STRICT_PROTOTYPES = YES;
				CLANG_WARN_SUSPICIOUS_MOVE = YES;
				CLANG_WARN_UNGUARDED_AVAILABILITY = YES_AGGRESSIVE;
				CLANG_WARN_UNREACHABLE_CODE = YES;
				CLANG_WARN__DUPLICATE_METHOD_MATCH = YES;
				COPY_PHASE_STRIP = NO;
				DEBUG_INFORMATION_FORMAT = "dwarf-with-dsym";
				ENABLE_NS_ASSERTIONS = NO;
				ENABLE_STRICT_OBJC_MSGSEND = YES;
				ENABLE_USER_SCRIPT_SANDBOXING = YES;
				GCC_C_LANGUAGE_STANDARD = gnu17;
				GCC_NO_COMMON_BLOCKS = YES;
				GCC_WARN_64_TO_32_BIT_CONVERSION = YES;
				GCC_WARN_ABOUT_RETURN_TYPE = YES_ERROR;
				GCC_WARN_UNDECLARED_SELECTOR = YES;
				GCC_WARN_UNINITIALIZED_AUTOS = YES_AGGRESSIVE;
				GCC_WARN_UNUSED_FUNCTION = YES;
				GCC_WARN_UNUSED_VARIABLE = YES;
				IPHONEOS_DEPLOYMENT_TARGET = 17.2;
				LOCALIZATION_PREFERS_STRING_CATALOGS = YES;
				MTL_ENABLE_DEBUG_INFO = NO;
				MTL_FAST_MATH = YES;
				SDKROOT = iphoneos;
				SWIFT_COMPILATION_MODE = wholemodule;
				VALIDATE_PRODUCT = YES;
			};
			name = Release;
		};
		AD8E95902B8A73AF0038CFE0 /* Debug */ = {
			isa = XCBuildConfiguration;
			buildSettings = {
				ASSETCATALOG_COMPILER_APPICON_NAME = AppIcon;
				ASSETCATALOG_COMPILER_GLOBAL_ACCENT_COLOR_NAME = AccentColor;
				CODE_SIGN_STYLE = Automatic;
				CURRENT_PROJECT_VERSION = 1;
				DEVELOPMENT_TEAM = P9NXT375QP;
				GENERATE_INFOPLIST_FILE = YES;
				INFOPLIST_FILE = CollectionViewSelectedImage/Info.plist;
				INFOPLIST_KEY_UIApplicationSupportsIndirectInputEvents = YES;
				INFOPLIST_KEY_UILaunchStoryboardName = LaunchScreen;
				INFOPLIST_KEY_UISupportedInterfaceOrientations_iPad = "UIInterfaceOrientationPortrait UIInterfaceOrientationPortraitUpsideDown UIInterfaceOrientationLandscapeLeft UIInterfaceOrientationLandscapeRight";
				INFOPLIST_KEY_UISupportedInterfaceOrientations_iPhone = "UIInterfaceOrientationPortrait UIInterfaceOrientationLandscapeLeft UIInterfaceOrientationLandscapeRight";
				IPHONEOS_DEPLOYMENT_TARGET = 16.3;
				LD_RUNPATH_SEARCH_PATHS = (
					"$(inherited)",
					"@executable_path/Frameworks",
				);
				MARKETING_VERSION = 1.0;
				PRODUCT_BUNDLE_IDENTIFIER = com.leral3.CollectionViewSelectedImage;
				PRODUCT_NAME = "$(TARGET_NAME)";
				SWIFT_EMIT_LOC_STRINGS = YES;
				SWIFT_VERSION = 5.0;
				TARGETED_DEVICE_FAMILY = "1,2";
			};
			name = Debug;
		};
		AD8E95912B8A73AF0038CFE0 /* Release */ = {
			isa = XCBuildConfiguration;
			buildSettings = {
				ASSETCATALOG_COMPILER_APPICON_NAME = AppIcon;
				ASSETCATALOG_COMPILER_GLOBAL_ACCENT_COLOR_NAME = AccentColor;
				CODE_SIGN_STYLE = Automatic;
				CURRENT_PROJECT_VERSION = 1;
				DEVELOPMENT_TEAM = P9NXT375QP;
				GENERATE_INFOPLIST_FILE = YES;
				INFOPLIST_FILE = CollectionViewSelectedImage/Info.plist;
				INFOPLIST_KEY_UIApplicationSupportsIndirectInputEvents = YES;
				INFOPLIST_KEY_UILaunchStoryboardName = LaunchScreen;
				INFOPLIST_KEY_UISupportedInterfaceOrientations_iPad = "UIInterfaceOrientationPortrait UIInterfaceOrientationPortraitUpsideDown UIInterfaceOrientationLandscapeLeft UIInterfaceOrientationLandscapeRight";
				INFOPLIST_KEY_UISupportedInterfaceOrientations_iPhone = "UIInterfaceOrientationPortrait UIInterfaceOrientationLandscapeLeft UIInterfaceOrientationLandscapeRight";
				IPHONEOS_DEPLOYMENT_TARGET = 16.3;
				LD_RUNPATH_SEARCH_PATHS = (
					"$(inherited)",
					"@executable_path/Frameworks",
				);
				MARKETING_VERSION = 1.0;
				PRODUCT_BUNDLE_IDENTIFIER = com.leral3.CollectionViewSelectedImage;
				PRODUCT_NAME = "$(TARGET_NAME)";
				SWIFT_EMIT_LOC_STRINGS = YES;
				SWIFT_VERSION = 5.0;
				TARGETED_DEVICE_FAMILY = "1,2";
			};
			name = Release;
		};
/* End XCBuildConfiguration section */

/* Begin XCConfigurationList section */
		AD8E95732B8A73AD0038CFE0 /* Build configuration list for PBXProject "CollectionViewSelectedImage" */ = {
			isa = XCConfigurationList;
			buildConfigurations = (
				AD8E958D2B8A73AF0038CFE0 /* Debug */,
				AD8E958E2B8A73AF0038CFE0 /* Release */,
			);
			defaultConfigurationIsVisible = 0;
			defaultConfigurationName = Release;
		};
		AD8E958F2B8A73AF0038CFE0 /* Build configuration list for PBXNativeTarget "CollectionViewSelectedImage" */ = {
			isa = XCConfigurationList;
			buildConfigurations = (
				AD8E95902B8A73AF0038CFE0 /* Debug */,
				AD8E95912B8A73AF0038CFE0 /* Release */,
			);
			defaultConfigurationIsVisible = 0;
			defaultConfigurationName = Release;
		};
/* End XCConfigurationList section */

/* Begin XCRemoteSwiftPackageReference section */
		AD8E959E2B8A827B0038CFE0 /* XCRemoteSwiftPackageReference "BSImagePicker" */ = {
			isa = XCRemoteSwiftPackageReference;
			repositoryURL = "https://github.com/mikaoj/BSImagePicker.git";
			requirement = {
				kind = upToNextMajorVersion;
				minimumVersion = 3.3.1;
			};
		};
/* End XCRemoteSwiftPackageReference section */

/* Begin XCSwiftPackageProductDependency section */
		AD8E959F2B8A827B0038CFE0 /* BSImagePicker */ = {
			isa = XCSwiftPackageProductDependency;
			package = AD8E959E2B8A827B0038CFE0 /* XCRemoteSwiftPackageReference "BSImagePicker" */;
			productName = BSImagePicker;
		};
/* End XCSwiftPackageProductDependency section */

/* Begin XCVersionGroup section */
		AD8E95842B8A73AD0038CFE0 /* CollectionViewSelectedImage.xcdatamodeld */ = {
			isa = XCVersionGroup;
			children = (
				AD8E95852B8A73AD0038CFE0 /* CollectionViewSelectedImage.xcdatamodel */,
			);
			currentVersion = AD8E95852B8A73AD0038CFE0 /* CollectionViewSelectedImage.xcdatamodel */;
			path = CollectionViewSelectedImage.xcdatamodeld;
			sourceTree = "<group>";
			versionGroupType = wrapper.xcdatamodel;
		};
/* End XCVersionGroup section */
	};
	rootObject = AD8E95702B8A73AD0038CFE0 /* Project object */;
}
